
Microsoft Visual Studio Solution File, Format Version 12.00
# Visual Studio Version 17
VisualStudioVersion = 17.8.34322.80
MinimumVisualStudioVersion = 10.0.40219.1
Project("{9A19103F-16F7-4668-BE54-9A1E7A4F7556}") = "CurrencyConverterConsole", "CurrencyConverter\CurrencyConverterConsole.csproj", "{E6C013F0-B2EB-4C6E-990E-F8C3F9A31A49}"
EndProject
Project("{9A19103F-16F7-4668-BE54-9A1E7A4F7556}") = "ExchangeRateService", "ExchangeRateService\ExchangeRateService.csproj", "{ACF7DF43-0E6C-440D-8D9D-CDEFB3A7AFC3}"
EndProject
Project("{FAE04EC0-301F-11D3-BF4B-00C04F79EFBC}") = "CurrencyConverterApplication", "CurrencyConverterApplication\CurrencyConverterApplication.csproj", "{F9CACF8A-AB5C-4E81-9931-C1245FE79E90}"
EndProject
Project("{FAE04EC0-301F-11D3-BF4B-00C04F79EFBC}") = "CurrencyConverterDatabase", "CurrencyConverterDatabase\CurrencyConverterDatabase.csproj", "{4147CF22-001E-4726-9638-D43A20CED014}"
EndProject
Global
	GlobalSection(SolutionConfigurationPlatforms) = preSolution
		Debug|Any CPU = Debug|Any CPU
		Release|Any CPU = Release|Any CPU
	EndGlobalSection
	GlobalSection(ProjectConfigurationPlatforms) = postSolution
		{E6C013F0-B2EB-4C6E-990E-F8C3F9A31A49}.Debug|Any CPU.ActiveCfg = Debug|Any CPU
		{E6C013F0-B2EB-4C6E-990E-F8C3F9A31A49}.Debug|Any CPU.Build.0 = Debug|Any CPU
		{E6C013F0-B2EB-4C6E-990E-F8C3F9A31A49}.Release|Any CPU.ActiveCfg = Release|Any CPU
		{E6C013F0-B2EB-4C6E-990E-F8C3F9A31A49}.Release|Any CPU.Build.0 = Release|Any CPU
		{ACF7DF43-0E6C-440D-8D9D-CDEFB3A7AFC3}.Debug|Any CPU.ActiveCfg = Debug|Any CPU
		{ACF7DF43-0E6C-440D-8D9D-CDEFB3A7AFC3}.Debug|Any CPU.Build.0 = Debug|Any CPU
		{ACF7DF43-0E6C-440D-8D9D-CDEFB3A7AFC3}.Release|Any CPU.ActiveCfg = Release|Any CPU
		{ACF7DF43-0E6C-440D-8D9D-CDEFB3A7AFC3}.Release|Any CPU.Build.0 = Release|Any CPU
		{F9CACF8A-AB5C-4E81-9931-C1245FE79E90}.Debug|Any CPU.ActiveCfg = Debug|Any CPU
		{F9CACF8A-AB5C-4E81-9931-C1245FE79E90}.Debug|Any CPU.Build.0 = Debug|Any CPU
		{F9CACF8A-AB5C-4E81-9931-C1245FE79E90}.Release|Any CPU.ActiveCfg = Release|Any CPU
		{F9CACF8A-AB5C-4E81-9931-C1245FE79E90}.Release|Any CPU.Build.0 = Release|Any CPU
		{4147CF22-001E-4726-9638-D43A20CED014}.Debug|Any CPU.ActiveCfg = Debug|Any CPU
		{4147CF22-001E-4726-9638-D43A20CED014}.Debug|Any CPU.Build.0 = Debug|Any CPU
		{4147CF22-001E-4726-9638-D43A20CED014}.Release|Any CPU.ActiveCfg = Release|Any CPU
		{4147CF22-001E-4726-9638-D43A20CED014}.Release|Any CPU.Build.0 = Release|Any CPU
	EndGlobalSection
	GlobalSection(SolutionProperties) = preSolution
		HideSolutionNode = FALSE
	EndGlobalSection
	GlobalSection(ExtensibilityGlobals) = postSolution
		SolutionGuid = {849F3A65-3D0E-42ED-AE90-5EECB01EB441}
	EndGlobalSection
EndGlobal
